
Microsoft Visual Studio Solution File, Format Version 12.00
# Visual Studio Version 17
VisualStudioVersion = 17.9.34723.18
MinimumVisualStudioVersion = 10.0.40219.1
Project("{FAE04EC0-301F-11D3-BF4B-00C04F79EFBC}") = "c-sharp-se-ui-tests", "c-sharp-se-ui-tests\c-sharp-se-ui-tests.csproj", "{F2B6FBFC-FA47-41A2-9749-8E029EDD59D2}"
EndProject
Global
	GlobalSection(SolutionConfigurationPlatforms) = preSolution
		Debug|Any CPU = Debug|Any CPU
		Release|Any CPU = Release|Any CPU
	EndGlobalSection
	GlobalSection(ProjectConfigurationPlatforms) = postSolution
		{F2B6FBFC-FA47-41A2-9749-8E029EDD59D2}.Debug|Any CPU.ActiveCfg = Debug|Any CPU
		{F2B6FBFC-FA47-41A2-9749-8E029EDD59D2}.Debug|Any CPU.Build.0 = Debug|Any CPU
		{F2B6FBFC-FA47-41A2-9749-8E029EDD59D2}.Release|Any CPU.ActiveCfg = Release|Any CPU
		{F2B6FBFC-FA47-41A2-9749-8E029EDD59D2}.Release|Any CPU.Build.0 = Release|Any CPU
	EndGlobalSection
	GlobalSection(SolutionProperties) = preSolution
		HideSolutionNode = FALSE
	EndGlobalSection
	GlobalSection(ExtensibilityGlobals) = postSolution
		SolutionGuid = {A72E4053-B4BF-41EB-980A-0220F5B8FC59}
	EndGlobalSection
EndGlobal
